
Microsoft Visual Studio Solution File, Format Version 12.00
# Visual Studio Version 17
VisualStudioVersion = 17.2.32616.157
MinimumVisualStudioVersion = 10.0.40219.1
Project("{888888A0-9F3D-457C-B088-3A5042F75D52}") = "PyAstroApp", "PyAstroDevices\PyAstroApp.pyproj", "{1683C669-AAA0-41B3-94E5-4A0FFEC255DB}"
EndProject
Global
	GlobalSection(SolutionConfigurationPlatforms) = preSolution
		Debug|Any CPU = Debug|Any CPU
		Release|Any CPU = Release|Any CPU
	EndGlobalSection
	GlobalSection(ProjectConfigurationPlatforms) = postSolution
		{1683C669-AAA0-41B3-94E5-4A0FFEC255DB}.Debug|Any CPU.ActiveCfg = Debug|Any CPU
		{1683C669-AAA0-41B3-94E5-4A0FFEC255DB}.Release|Any CPU.ActiveCfg = Release|Any CPU
	EndGlobalSection
	GlobalSection(SolutionProperties) = preSolution
		HideSolutionNode = FALSE
	EndGlobalSection
	GlobalSection(ExtensibilityGlobals) = postSolution
		SolutionGuid = {CDBD139E-F3AE-493F-B228-AD648C8B9750}
	EndGlobalSection
EndGlobal
